// !$*UTF8*$!
{
	archiveVersion = 1;
	classes = {
	};
	objectVersion = 55;
	objects = {

/* Begin PBXBuildFile section */
		6216F31827F0585A0001312B /* Network.swift in Sources */ = {isa = PBXBuildFile; fileRef = 6216F31727F0585A0001312B /* Network.swift */; };
		6216F31A27F058640001312B /* UserAccount.swift in Sources */ = {isa = PBXBuildFile; fileRef = 6216F31927F058640001312B /* UserAccount.swift */; };
		6216F31C27F06C100001312B /* Token.swift in Sources */ = {isa = PBXBuildFile; fileRef = 6216F31B27F06C100001312B /* Token.swift */; };
		624D21B727B2A53E00994541 /* LoginView.swift in Sources */ = {isa = PBXBuildFile; fileRef = 624D21B627B2A53E00994541 /* LoginView.swift */; };
		624D21C227B2A5FF00994541 /* EntryPointView.swift in Sources */ = {isa = PBXBuildFile; fileRef = 624D21C127B2A5FF00994541 /* EntryPointView.swift */; };
		624D21C427B2A62400994541 /* HomeView.swift in Sources */ = {isa = PBXBuildFile; fileRef = 624D21C327B2A62400994541 /* HomeView.swift */; };
		624D21C727B2AAF200994541 /* SplashScreen.storyboard in Resources */ = {isa = PBXBuildFile; fileRef = 624D21C627B2AAF200994541 /* SplashScreen.storyboard */; };
		624D21CA27B2D77700994541 /* LoginResultModel.swift in Sources */ = {isa = PBXBuildFile; fileRef = 624D21C927B2D77700994541 /* LoginResultModel.swift */; };
		625BA1DC27ED9A9D00E6BD31 /* AswProtobuf in Frameworks */ = {isa = PBXBuildFile; productRef = 625BA1DB27ED9A9D00E6BD31 /* AswProtobuf */; };
		625BA1DF27ED9AC700E6BD31 /* PanModal in Frameworks */ = {isa = PBXBuildFile; productRef = 625BA1DE27ED9AC700E6BD31 /* PanModal */; };
		625BA1E227ED9BB200E6BD31 /* AlertToast in Frameworks */ = {isa = PBXBuildFile; productRef = 625BA1E127ED9BB200E6BD31 /* AlertToast */; };
		625BA1E527ED9EED00E6BD31 /* SwiftJWT in Frameworks */ = {isa = PBXBuildFile; productRef = 625BA1E427ED9EED00E6BD31 /* SwiftJWT */; };
		625BA1E727EDA1CC00E6BD31 /* TokenMessage.swift in Sources */ = {isa = PBXBuildFile; fileRef = 625BA1E627EDA1CC00E6BD31 /* TokenMessage.swift */; };
		625BA1ED27EDAF8800E6BD31 /* BetterSafariView in Frameworks */ = {isa = PBXBuildFile; productRef = 625BA1EC27EDAF8800E6BD31 /* BetterSafariView */; };
		6276ACD927E9FA1100893584 /* RegisterModel.swift in Sources */ = {isa = PBXBuildFile; fileRef = 6276ACD827E9FA1100893584 /* RegisterModel.swift */; };
		6276ACDC27E9FAB700893584 /* String+Hash+IP.swift in Sources */ = {isa = PBXBuildFile; fileRef = 6276ACDB27E9FAB700893584 /* String+Hash+IP.swift */; };
		6293456627E9EFA900B2224C /* RegisterViewModel.swift in Sources */ = {isa = PBXBuildFile; fileRef = 6293456527E9EFA900B2224C /* RegisterViewModel.swift */; };
		62DB61E227C244B600F73BA6 /* LoginViewModel.swift in Sources */ = {isa = PBXBuildFile; fileRef = 62DB61E127C244B600F73BA6 /* LoginViewModel.swift */; };
		62DB61E827C2465600F73BA6 /* LoginFormView.swift in Sources */ = {isa = PBXBuildFile; fileRef = 62DB61E727C2465600F73BA6 /* LoginFormView.swift */; };
		62DB61EA27C247CB00F73BA6 /* LoginFormViewModel.swift in Sources */ = {isa = PBXBuildFile; fileRef = 62DB61E927C247CB00F73BA6 /* LoginFormViewModel.swift */; };
		62DB61EC27C2561800F73BA6 /* LoginAutoLoginView.swift in Sources */ = {isa = PBXBuildFile; fileRef = 62DB61EB27C2561800F73BA6 /* LoginAutoLoginView.swift */; };
		62DB61F027C2779500F73BA6 /* RegisterView.swift in Sources */ = {isa = PBXBuildFile; fileRef = 62DB61EF27C2779500F73BA6 /* RegisterView.swift */; };
		62F8FD8F27B279C90039A327 /* AswCloudApp.swift in Sources */ = {isa = PBXBuildFile; fileRef = 62F8FD8E27B279C90039A327 /* AswCloudApp.swift */; };
		62F8FD9327B279CA0039A327 /* Assets.xcassets in Resources */ = {isa = PBXBuildFile; fileRef = 62F8FD9227B279CA0039A327 /* Assets.xcassets */; };
		62F8FD9627B279CA0039A327 /* Preview Assets.xcassets in Resources */ = {isa = PBXBuildFile; fileRef = 62F8FD9527B279CA0039A327 /* Preview Assets.xcassets */; };
/* End PBXBuildFile section */

/* Begin PBXFileReference section */
		6216F31727F0585A0001312B /* Network.swift */ = {isa = PBXFileReference; lastKnownFileType = sourcecode.swift; path = Network.swift; sourceTree = "<group>"; };
		6216F31927F058640001312B /* UserAccount.swift */ = {isa = PBXFileReference; lastKnownFileType = sourcecode.swift; path = UserAccount.swift; sourceTree = "<group>"; };
		6216F31B27F06C100001312B /* Token.swift */ = {isa = PBXFileReference; lastKnownFileType = sourcecode.swift; path = Token.swift; sourceTree = "<group>"; };
		6216F31D27F072390001312B /* aswcloud.entitlements */ = {isa = PBXFileReference; lastKnownFileType = text.plist.entitlements; path = aswcloud.entitlements; sourceTree = "<group>"; };
		624D21B627B2A53E00994541 /* LoginView.swift */ = {isa = PBXFileReference; lastKnownFileType = sourcecode.swift; path = LoginView.swift; sourceTree = "<group>"; };
		624D21C127B2A5FF00994541 /* EntryPointView.swift */ = {isa = PBXFileReference; lastKnownFileType = sourcecode.swift; path = EntryPointView.swift; sourceTree = "<group>"; };
		624D21C327B2A62400994541 /* HomeView.swift */ = {isa = PBXFileReference; lastKnownFileType = sourcecode.swift; path = HomeView.swift; sourceTree = "<group>"; };
		624D21C627B2AAF200994541 /* SplashScreen.storyboard */ = {isa = PBXFileReference; lastKnownFileType = file.storyboard; path = SplashScreen.storyboard; sourceTree = "<group>"; };
		624D21C927B2D77700994541 /* LoginResultModel.swift */ = {isa = PBXFileReference; lastKnownFileType = sourcecode.swift; path = LoginResultModel.swift; sourceTree = "<group>"; };
		625BA1E627EDA1CC00E6BD31 /* TokenMessage.swift */ = {isa = PBXFileReference; lastKnownFileType = sourcecode.swift; path = TokenMessage.swift; sourceTree = "<group>"; };
		6276ACD827E9FA1100893584 /* RegisterModel.swift */ = {isa = PBXFileReference; lastKnownFileType = sourcecode.swift; path = RegisterModel.swift; sourceTree = "<group>"; };
		6276ACDB27E9FAB700893584 /* String+Hash+IP.swift */ = {isa = PBXFileReference; lastKnownFileType = sourcecode.swift; path = "String+Hash+IP.swift"; sourceTree = "<group>"; };
		6293456527E9EFA900B2224C /* RegisterViewModel.swift */ = {isa = PBXFileReference; lastKnownFileType = sourcecode.swift; path = RegisterViewModel.swift; sourceTree = "<group>"; };
		62DB61E127C244B600F73BA6 /* LoginViewModel.swift */ = {isa = PBXFileReference; lastKnownFileType = sourcecode.swift; path = LoginViewModel.swift; sourceTree = "<group>"; };
		62DB61E727C2465600F73BA6 /* LoginFormView.swift */ = {isa = PBXFileReference; lastKnownFileType = sourcecode.swift; path = LoginFormView.swift; sourceTree = "<group>"; };
		62DB61E927C247CB00F73BA6 /* LoginFormViewModel.swift */ = {isa = PBXFileReference; lastKnownFileType = sourcecode.swift; path = LoginFormViewModel.swift; sourceTree = "<group>"; };
		62DB61EB27C2561800F73BA6 /* LoginAutoLoginView.swift */ = {isa = PBXFileReference; lastKnownFileType = sourcecode.swift; path = LoginAutoLoginView.swift; sourceTree = "<group>"; };
		62DB61EF27C2779500F73BA6 /* RegisterView.swift */ = {isa = PBXFileReference; lastKnownFileType = sourcecode.swift; path = RegisterView.swift; sourceTree = "<group>"; };
		62F8FD8B27B279C90039A327 /* Asw Cloud.app */ = {isa = PBXFileReference; explicitFileType = wrapper.application; includeInIndex = 0; path = "Asw Cloud.app"; sourceTree = BUILT_PRODUCTS_DIR; };
		62F8FD8E27B279C90039A327 /* AswCloudApp.swift */ = {isa = PBXFileReference; lastKnownFileType = sourcecode.swift; path = AswCloudApp.swift; sourceTree = "<group>"; };
		62F8FD9227B279CA0039A327 /* Assets.xcassets */ = {isa = PBXFileReference; lastKnownFileType = folder.assetcatalog; path = Assets.xcassets; sourceTree = "<group>"; };
		62F8FD9527B279CA0039A327 /* Preview Assets.xcassets */ = {isa = PBXFileReference; lastKnownFileType = folder.assetcatalog; path = "Preview Assets.xcassets"; sourceTree = "<group>"; };
/* End PBXFileReference section */

/* Begin PBXFrameworksBuildPhase section */
		62F8FD8827B279C90039A327 /* Frameworks */ = {
			isa = PBXFrameworksBuildPhase;
			buildActionMask = 2147483647;
			files = (
				625BA1DF27ED9AC700E6BD31 /* PanModal in Frameworks */,
				625BA1E227ED9BB200E6BD31 /* AlertToast in Frameworks */,
				625BA1E527ED9EED00E6BD31 /* SwiftJWT in Frameworks */,
				625BA1DC27ED9A9D00E6BD31 /* AswProtobuf in Frameworks */,
				625BA1ED27EDAF8800E6BD31 /* BetterSafariView in Frameworks */,
			);
			runOnlyForDeploymentPostprocessing = 0;
		};
/* End PBXFrameworksBuildPhase section */

/* Begin PBXGroup section */
		6216F31627F0584F0001312B /* Network */ = {
			isa = PBXGroup;
			children = (
				6216F31727F0585A0001312B /* Network.swift */,
				6216F31927F058640001312B /* UserAccount.swift */,
				6216F31B27F06C100001312B /* Token.swift */,
			);
			path = Network;
			sourceTree = "<group>";
		};
		624D21B427B2A52100994541 /* View */ = {
			isa = PBXGroup;
			children = (
				624D21C527B2A62700994541 /* Home */,
				624D21BA27B2A59500994541 /* Splash */,
				624D21B527B2A52600994541 /* Login */,
				624D21C127B2A5FF00994541 /* EntryPointView.swift */,
			);
			path = View;
			sourceTree = "<group>";
		};
		624D21B527B2A52600994541 /* Login */ = {
			isa = PBXGroup;
			children = (
				62DB61E427C2462400F73BA6 /* View */,
				624D21B927B2A57900994541 /* ViewModel */,
				624D21C827B2D75F00994541 /* Model */,
			);
			path = Login;
			sourceTree = "<group>";
		};
		624D21B927B2A57900994541 /* ViewModel */ = {
			isa = PBXGroup;
			children = (
				62DB61E127C244B600F73BA6 /* LoginViewModel.swift */,
				62DB61E927C247CB00F73BA6 /* LoginFormViewModel.swift */,
				6293456527E9EFA900B2224C /* RegisterViewModel.swift */,
			);
			path = ViewModel;
			sourceTree = "<group>";
		};
		624D21BA27B2A59500994541 /* Splash */ = {
			isa = PBXGroup;
			children = (
				624D21C627B2AAF200994541 /* SplashScreen.storyboard */,
			);
			path = Splash;
			sourceTree = "<group>";
		};
		624D21C527B2A62700994541 /* Home */ = {
			isa = PBXGroup;
			children = (
				624D21C327B2A62400994541 /* HomeView.swift */,
			);
			path = Home;
			sourceTree = "<group>";
		};
		624D21C827B2D75F00994541 /* Model */ = {
			isa = PBXGroup;
			children = (
				624D21C927B2D77700994541 /* LoginResultModel.swift */,
				6276ACD827E9FA1100893584 /* RegisterModel.swift */,
				625BA1E627EDA1CC00E6BD31 /* TokenMessage.swift */,
			);
			path = Model;
			sourceTree = "<group>";
		};
		6276ACDA27E9FAAE00893584 /* Extension */ = {
			isa = PBXGroup;
			children = (
				6276ACDB27E9FAB700893584 /* String+Hash+IP.swift */,
			);
			path = Extension;
			sourceTree = "<group>";
		};
		62DB61E427C2462400F73BA6 /* View */ = {
			isa = PBXGroup;
			children = (
				624D21B627B2A53E00994541 /* LoginView.swift */,
				62DB61E727C2465600F73BA6 /* LoginFormView.swift */,
				62DB61EB27C2561800F73BA6 /* LoginAutoLoginView.swift */,
				62DB61EF27C2779500F73BA6 /* RegisterView.swift */,
			);
			path = View;
			sourceTree = "<group>";
		};
		62F8FD8227B279C90039A327 = {
			isa = PBXGroup;
			children = (
				62F8FD8D27B279C90039A327 /* aswcloud */,
				62F8FD8C27B279C90039A327 /* Products */,
			);
			sourceTree = "<group>";
		};
		62F8FD8C27B279C90039A327 /* Products */ = {
			isa = PBXGroup;
			children = (
				62F8FD8B27B279C90039A327 /* Asw Cloud.app */,
			);
			name = Products;
			sourceTree = "<group>";
		};
		62F8FD8D27B279C90039A327 /* aswcloud */ = {
			isa = PBXGroup;
			children = (
				6216F31D27F072390001312B /* aswcloud.entitlements */,
				6216F31627F0584F0001312B /* Network */,
				6276ACDA27E9FAAE00893584 /* Extension */,
				624D21B427B2A52100994541 /* View */,
				62F8FD8E27B279C90039A327 /* AswCloudApp.swift */,
				62F8FD9227B279CA0039A327 /* Assets.xcassets */,
				62F8FD9427B279CA0039A327 /* Preview Content */,
			);
			path = aswcloud;
			sourceTree = "<group>";
		};
		62F8FD9427B279CA0039A327 /* Preview Content */ = {
			isa = PBXGroup;
			children = (
				62F8FD9527B279CA0039A327 /* Preview Assets.xcassets */,
			);
			path = "Preview Content";
			sourceTree = "<group>";
		};
/* End PBXGroup section */

/* Begin PBXNativeTarget section */
		62F8FD8A27B279C90039A327 /* aswcloud */ = {
			isa = PBXNativeTarget;
			buildConfigurationList = 62F8FD9927B279CA0039A327 /* Build configuration list for PBXNativeTarget "aswcloud" */;
			buildPhases = (
				62F8FD8727B279C90039A327 /* Sources */,
				62F8FD8827B279C90039A327 /* Frameworks */,
				62F8FD8927B279C90039A327 /* Resources */,
			);
			buildRules = (
			);
			dependencies = (
			);
			name = aswcloud;
			packageProductDependencies = (
				625BA1DB27ED9A9D00E6BD31 /* AswProtobuf */,
				625BA1DE27ED9AC700E6BD31 /* PanModal */,
				625BA1E127ED9BB200E6BD31 /* AlertToast */,
				625BA1E427ED9EED00E6BD31 /* SwiftJWT */,
				625BA1EC27EDAF8800E6BD31 /* BetterSafariView */,
			);
			productName = aswcloud;
			productReference = 62F8FD8B27B279C90039A327 /* Asw Cloud.app */;
			productType = "com.apple.product-type.application";
		};
/* End PBXNativeTarget section */

/* Begin PBXProject section */
		62F8FD8327B279C90039A327 /* Project object */ = {
			isa = PBXProject;
			attributes = {
				BuildIndependentTargetsInParallel = 1;
				LastSwiftUpdateCheck = 1320;
				LastUpgradeCheck = 1320;
				TargetAttributes = {
					62F8FD8A27B279C90039A327 = {
						CreatedOnToolsVersion = 13.2.1;
					};
				};
			};
			buildConfigurationList = 62F8FD8627B279C90039A327 /* Build configuration list for PBXProject "aswcloud" */;
			compatibilityVersion = "Xcode 13.0";
			developmentRegion = en;
			hasScannedForEncodings = 0;
			knownRegions = (
				en,
				Base,
			);
			mainGroup = 62F8FD8227B279C90039A327;
			packageReferences = (
				625BA1DA27ED9A9D00E6BD31 /* XCRemoteSwiftPackageReference "idl" */,
				625BA1DD27ED9AC700E6BD31 /* XCRemoteSwiftPackageReference "PanModal" */,
				625BA1E027ED9BB200E6BD31 /* XCRemoteSwiftPackageReference "AlertToast" */,
				625BA1E327ED9EED00E6BD31 /* XCRemoteSwiftPackageReference "Swift-JWT" */,
				625BA1EB27EDAF8800E6BD31 /* XCRemoteSwiftPackageReference "BetterSafariView" */,
			);
			productRefGroup = 62F8FD8C27B279C90039A327 /* Products */;
			projectDirPath = "";
			projectRoot = "";
			targets = (
				62F8FD8A27B279C90039A327 /* aswcloud */,
			);
		};
/* End PBXProject section */

/* Begin PBXResourcesBuildPhase section */
		62F8FD8927B279C90039A327 /* Resources */ = {
			isa = PBXResourcesBuildPhase;
			buildActionMask = 2147483647;
			files = (
				62F8FD9627B279CA0039A327 /* Preview Assets.xcassets in Resources */,
				624D21C727B2AAF200994541 /* SplashScreen.storyboard in Resources */,
				62F8FD9327B279CA0039A327 /* Assets.xcassets in Resources */,
			);
			runOnlyForDeploymentPostprocessing = 0;
		};
/* End PBXResourcesBuildPhase section */

/* Begin PBXSourcesBuildPhase section */
		62F8FD8727B279C90039A327 /* Sources */ = {
			isa = PBXSourcesBuildPhase;
			buildActionMask = 2147483647;
			files = (
				624D21B727B2A53E00994541 /* LoginView.swift in Sources */,
				62DB61F027C2779500F73BA6 /* RegisterView.swift in Sources */,
				624D21C227B2A5FF00994541 /* EntryPointView.swift in Sources */,
				6276ACDC27E9FAB700893584 /* String+Hash+IP.swift in Sources */,
				62DB61E227C244B600F73BA6 /* LoginViewModel.swift in Sources */,
				6216F31827F0585A0001312B /* Network.swift in Sources */,
				6293456627E9EFA900B2224C /* RegisterViewModel.swift in Sources */,
				62DB61EC27C2561800F73BA6 /* LoginAutoLoginView.swift in Sources */,
				62DB61E827C2465600F73BA6 /* LoginFormView.swift in Sources */,
				62DB61EA27C247CB00F73BA6 /* LoginFormViewModel.swift in Sources */,
				6276ACD927E9FA1100893584 /* RegisterModel.swift in Sources */,
				624D21C427B2A62400994541 /* HomeView.swift in Sources */,
				624D21CA27B2D77700994541 /* LoginResultModel.swift in Sources */,
				625BA1E727EDA1CC00E6BD31 /* TokenMessage.swift in Sources */,
				6216F31A27F058640001312B /* UserAccount.swift in Sources */,
				6216F31C27F06C100001312B /* Token.swift in Sources */,
				62F8FD8F27B279C90039A327 /* AswCloudApp.swift in Sources */,
			);
			runOnlyForDeploymentPostprocessing = 0;
		};
/* End PBXSourcesBuildPhase section */

/* Begin XCBuildConfiguration section */
		62F8FD9727B279CA0039A327 /* Debug */ = {
			isa = XCBuildConfiguration;
			buildSettings = {
				ALWAYS_SEARCH_USER_PATHS = NO;
				CLANG_ANALYZER_NONNULL = YES;
				CLANG_ANALYZER_NUMBER_OBJECT_CONVERSION = YES_AGGRESSIVE;
				CLANG_CXX_LANGUAGE_STANDARD = "gnu++17";
				CLANG_CXX_LIBRARY = "libc++";
				CLANG_ENABLE_MODULES = YES;
				CLANG_ENABLE_OBJC_ARC = YES;
				CLANG_ENABLE_OBJC_WEAK = YES;
				CLANG_WARN_BLOCK_CAPTURE_AUTORELEASING = YES;
				CLANG_WARN_BOOL_CONVERSION = YES;
				CLANG_WARN_COMMA = YES;
				CLANG_WARN_CONSTANT_CONVERSION = YES;
				CLANG_WARN_DEPRECATED_OBJC_IMPLEMENTATIONS = YES;
				CLANG_WARN_DIRECT_OBJC_ISA_USAGE = YES_ERROR;
				CLANG_WARN_DOCUMENTATION_COMMENTS = YES;
				CLANG_WARN_EMPTY_BODY = YES;
				CLANG_WARN_ENUM_CONVERSION = YES;
				CLANG_WARN_INFINITE_RECURSION = YES;
				CLANG_WARN_INT_CONVERSION = YES;
				CLANG_WARN_NON_LITERAL_NULL_CONVERSION = YES;
				CLANG_WARN_OBJC_IMPLICIT_RETAIN_SELF = YES;
				CLANG_WARN_OBJC_LITERAL_CONVERSION = YES;
				CLANG_WARN_OBJC_ROOT_CLASS = YES_ERROR;
				CLANG_WARN_QUOTED_INCLUDE_IN_FRAMEWORK_HEADER = YES;
				CLANG_WARN_RANGE_LOOP_ANALYSIS = YES;
				CLANG_WARN_STRICT_PROTOTYPES = YES;
				CLANG_WARN_SUSPICIOUS_MOVE = YES;
				CLANG_WARN_UNGUARDED_AVAILABILITY = YES_AGGRESSIVE;
				CLANG_WARN_UNREACHABLE_CODE = YES;
				CLANG_WARN__DUPLICATE_METHOD_MATCH = YES;
				COPY_PHASE_STRIP = NO;
				DEBUG_INFORMATION_FORMAT = dwarf;
				ENABLE_STRICT_OBJC_MSGSEND = YES;
				ENABLE_TESTABILITY = YES;
				GCC_C_LANGUAGE_STANDARD = gnu11;
				GCC_DYNAMIC_NO_PIC = NO;
				GCC_NO_COMMON_BLOCKS = YES;
				GCC_OPTIMIZATION_LEVEL = 0;
				GCC_PREPROCESSOR_DEFINITIONS = (
					"DEBUG=1",
					"$(inherited)",
				);
				GCC_WARN_64_TO_32_BIT_CONVERSION = YES;
				GCC_WARN_ABOUT_RETURN_TYPE = YES_ERROR;
				GCC_WARN_UNDECLARED_SELECTOR = YES;
				GCC_WARN_UNINITIALIZED_AUTOS = YES_AGGRESSIVE;
				GCC_WARN_UNUSED_FUNCTION = YES;
				GCC_WARN_UNUSED_VARIABLE = YES;
				IPHONEOS_DEPLOYMENT_TARGET = 15.2;
				MTL_ENABLE_DEBUG_INFO = INCLUDE_SOURCE;
				MTL_FAST_MATH = YES;
				ONLY_ACTIVE_ARCH = YES;
				SDKROOT = iphoneos;
				SWIFT_ACTIVE_COMPILATION_CONDITIONS = DEBUG;
				SWIFT_OPTIMIZATION_LEVEL = "-Onone";
			};
			name = Debug;
		};
		62F8FD9827B279CA0039A327 /* Release */ = {
			isa = XCBuildConfiguration;
			buildSettings = {
				ALWAYS_SEARCH_USER_PATHS = NO;
				CLANG_ANALYZER_NONNULL = YES;
				CLANG_ANALYZER_NUMBER_OBJECT_CONVERSION = YES_AGGRESSIVE;
				CLANG_CXX_LANGUAGE_STANDARD = "gnu++17";
				CLANG_CXX_LIBRARY = "libc++";
				CLANG_ENABLE_MODULES = YES;
				CLANG_ENABLE_OBJC_ARC = YES;
				CLANG_ENABLE_OBJC_WEAK = YES;
				CLANG_WARN_BLOCK_CAPTURE_AUTORELEASING = YES;
				CLANG_WARN_BOOL_CONVERSION = YES;
				CLANG_WARN_COMMA = YES;
				CLANG_WARN_CONSTANT_CONVERSION = YES;
				CLANG_WARN_DEPRECATED_OBJC_IMPLEMENTATIONS = YES;
				CLANG_WARN_DIRECT_OBJC_ISA_USAGE = YES_ERROR;
				CLANG_WARN_DOCUMENTATION_COMMENTS = YES;
				CLANG_WARN_EMPTY_BODY = YES;
				CLANG_WARN_ENUM_CONVERSION = YES;
				CLANG_WARN_INFINITE_RECURSION = YES;
				CLANG_WARN_INT_CONVERSION = YES;
				CLANG_WARN_NON_LITERAL_NULL_CONVERSION = YES;
				CLANG_WARN_OBJC_IMPLICIT_RETAIN_SELF = YES;
				CLANG_WARN_OBJC_LITERAL_CONVERSION = YES;
				CLANG_WARN_OBJC_ROOT_CLASS = YES_ERROR;
				CLANG_WARN_QUOTED_INCLUDE_IN_FRAMEWORK_HEADER = YES;
				CLANG_WARN_RANGE_LOOP_ANALYSIS = YES;
				CLANG_WARN_STRICT_PROTOTYPES = YES;
				CLANG_WARN_SUSPICIOUS_MOVE = YES;
				CLANG_WARN_UNGUARDED_AVAILABILITY = YES_AGGRESSIVE;
				CLANG_WARN_UNREACHABLE_CODE = YES;
				CLANG_WARN__DUPLICATE_METHOD_MATCH = YES;
				COPY_PHASE_STRIP = NO;
				DEBUG_INFORMATION_FORMAT = "dwarf-with-dsym";
				ENABLE_NS_ASSERTIONS = NO;
				ENABLE_STRICT_OBJC_MSGSEND = YES;
				GCC_C_LANGUAGE_STANDARD = gnu11;
				GCC_NO_COMMON_BLOCKS = YES;
				GCC_WARN_64_TO_32_BIT_CONVERSION = YES;
				GCC_WARN_ABOUT_RETURN_TYPE = YES_ERROR;
				GCC_WARN_UNDECLARED_SELECTOR = YES;
				GCC_WARN_UNINITIALIZED_AUTOS = YES_AGGRESSIVE;
				GCC_WARN_UNUSED_FUNCTION = YES;
				GCC_WARN_UNUSED_VARIABLE = YES;
				IPHONEOS_DEPLOYMENT_TARGET = 15.2;
				MTL_ENABLE_DEBUG_INFO = NO;
				MTL_FAST_MATH = YES;
				SDKROOT = iphoneos;
				SWIFT_COMPILATION_MODE = wholemodule;
				SWIFT_OPTIMIZATION_LEVEL = "-O";
				VALIDATE_PRODUCT = YES;
			};
			name = Release;
		};
		62F8FD9A27B279CA0039A327 /* Debug */ = {
			isa = XCBuildConfiguration;
			buildSettings = {
				ASSETCATALOG_COMPILER_APPICON_NAME = AppIcon;
				ASSETCATALOG_COMPILER_GLOBAL_ACCENT_COLOR_NAME = AccentColor;
				CODE_SIGN_ENTITLEMENTS = aswcloud/aswcloud.entitlements;
				CODE_SIGN_STYLE = Automatic;
				CURRENT_PROJECT_VERSION = 1;
				DEVELOPMENT_ASSET_PATHS = "\"aswcloud/Preview Content\"";
				DEVELOPMENT_TEAM = 5Q488G86T2;
				ENABLE_PREVIEWS = YES;
				GENERATE_INFOPLIST_FILE = YES;
				INFOPLIST_KEY_UIApplicationSceneManifest_Generation = YES;
				INFOPLIST_KEY_UIApplicationSupportsIndirectInputEvents = YES;
				INFOPLIST_KEY_UILaunchScreen_Generation = YES;
				INFOPLIST_KEY_UILaunchStoryboardName = SplashScreen;
				INFOPLIST_KEY_UISupportedInterfaceOrientations_iPad = "UIInterfaceOrientationPortrait UIInterfaceOrientationPortraitUpsideDown UIInterfaceOrientationLandscapeLeft UIInterfaceOrientationLandscapeRight";
				INFOPLIST_KEY_UISupportedInterfaceOrientations_iPhone = "UIInterfaceOrientationPortrait UIInterfaceOrientationLandscapeLeft UIInterfaceOrientationLandscapeRight";
				"IPHONEOS_DEPLOYMENT_TARGET[sdk=macosx*]" = 15.2;
				LD_RUNPATH_SEARCH_PATHS = (
					"$(inherited)",
					"@executable_path/Frameworks",
				);
				MARKETING_VERSION = 1.0;
				PRODUCT_BUNDLE_IDENTIFIER = com.aoikazto.aswcloud;
				PRODUCT_NAME = "Asw Cloud";
				SUPPORTS_MACCATALYST = YES;
				SWIFT_EMIT_LOC_STRINGS = YES;
				SWIFT_VERSION = 5.0;
				TARGETED_DEVICE_FAMILY = "1,2,6";
			};
			name = Debug;
		};
		62F8FD9B27B279CA0039A327 /* Release */ = {
			isa = XCBuildConfiguration;
			buildSettings = {
				ASSETCATALOG_COMPILER_APPICON_NAME = AppIcon;
				ASSETCATALOG_COMPILER_GLOBAL_ACCENT_COLOR_NAME = AccentColor;
				CODE_SIGN_ENTITLEMENTS = aswcloud/aswcloud.entitlements;
				CODE_SIGN_STYLE = Automatic;
				CURRENT_PROJECT_VERSION = 1;
				DEVELOPMENT_ASSET_PATHS = "\"aswcloud/Preview Content\"";
				DEVELOPMENT_TEAM = 5Q488G86T2;
				ENABLE_PREVIEWS = YES;
				GENERATE_INFOPLIST_FILE = YES;
				INFOPLIST_KEY_UIApplicationSceneManifest_Generation = YES;
				INFOPLIST_KEY_UIApplicationSupportsIndirectInputEvents = YES;
				INFOPLIST_KEY_UILaunchScreen_Generation = YES;
				INFOPLIST_KEY_UILaunchStoryboardName = SplashScreen;
				INFOPLIST_KEY_UISupportedInterfaceOrientations_iPad = "UIInterfaceOrientationPortrait UIInterfaceOrientationPortraitUpsideDown UIInterfaceOrientationLandscapeLeft UIInterfaceOrientationLandscapeRight";
				INFOPLIST_KEY_UISupportedInterfaceOrientations_iPhone = "UIInterfaceOrientationPortrait UIInterfaceOrientationLandscapeLeft UIInterfaceOrientationLandscapeRight";
				"IPHONEOS_DEPLOYMENT_TARGET[sdk=macosx*]" = 15.2;
				LD_RUNPATH_SEARCH_PATHS = (
					"$(inherited)",
					"@executable_path/Frameworks",
				);
				MARKETING_VERSION = 1.0;
				PRODUCT_BUNDLE_IDENTIFIER = com.aoikazto.aswcloud;
				PRODUCT_NAME = "Asw Cloud";
				SUPPORTS_MACCATALYST = YES;
				SWIFT_EMIT_LOC_STRINGS = YES;
				SWIFT_VERSION = 5.0;
				TARGETED_DEVICE_FAMILY = "1,2,6";
			};
			name = Release;
		};
/* End XCBuildConfiguration section */

/* Begin XCConfigurationList section */
		62F8FD8627B279C90039A327 /* Build configuration list for PBXProject "aswcloud" */ = {
			isa = XCConfigurationList;
			buildConfigurations = (
				62F8FD9727B279CA0039A327 /* Debug */,
				62F8FD9827B279CA0039A327 /* Release */,
			);
			defaultConfigurationIsVisible = 0;
			defaultConfigurationName = Release;
		};
		62F8FD9927B279CA0039A327 /* Build configuration list for PBXNativeTarget "aswcloud" */ = {
			isa = XCConfigurationList;
			buildConfigurations = (
				62F8FD9A27B279CA0039A327 /* Debug */,
				62F8FD9B27B279CA0039A327 /* Release */,
			);
			defaultConfigurationIsVisible = 0;
			defaultConfigurationName = Release;
		};
/* End XCConfigurationList section */

/* Begin XCRemoteSwiftPackageReference section */
		625BA1DA27ED9A9D00E6BD31 /* XCRemoteSwiftPackageReference "idl" */ = {
			isa = XCRemoteSwiftPackageReference;
			repositoryURL = "https://github.com/aswcloud/idl/";
			requirement = {
				branch = "release-v1-swift";
				kind = branch;
			};
		};
		625BA1DD27ED9AC700E6BD31 /* XCRemoteSwiftPackageReference "PanModal" */ = {
			isa = XCRemoteSwiftPackageReference;
			repositoryURL = "https://github.com/slackhq/PanModal";
			requirement = {
				kind = upToNextMajorVersion;
				minimumVersion = 1.0.0;
			};
		};
		625BA1E027ED9BB200E6BD31 /* XCRemoteSwiftPackageReference "AlertToast" */ = {
			isa = XCRemoteSwiftPackageReference;
			repositoryURL = "https://github.com/elai950/AlertToast";
			requirement = {
				kind = upToNextMinorVersion;
				minimumVersion = 1.3.0;
			};
		};
		625BA1E327ED9EED00E6BD31 /* XCRemoteSwiftPackageReference "Swift-JWT" */ = {
			isa = XCRemoteSwiftPackageReference;
			repositoryURL = "https://github.com/Kitura/Swift-JWT";
			requirement = {
				kind = upToNextMajorVersion;
				minimumVersion = 3.0.0;
			};
		};
		625BA1EB27EDAF8800E6BD31 /* XCRemoteSwiftPackageReference "BetterSafariView" */ = {
			isa = XCRemoteSwiftPackageReference;
			repositoryURL = "https://github.com/stleamist/BetterSafariView";
			requirement = {
				kind = upToNextMinorVersion;
				minimumVersion = 2.4.0;
			};
		};
/* End XCRemoteSwiftPackageReference section */

/* Begin XCSwiftPackageProductDependency section */
		625BA1DB27ED9A9D00E6BD31 /* AswProtobuf */ = {
			isa = XCSwiftPackageProductDependency;
			package = 625BA1DA27ED9A9D00E6BD31 /* XCRemoteSwiftPackageReference "idl" */;
			productName = AswProtobuf;
		};
		625BA1DE27ED9AC700E6BD31 /* PanModal */ = {
			isa = XCSwiftPackageProductDependency;
			package = 625BA1DD27ED9AC700E6BD31 /* XCRemoteSwiftPackageReference "PanModal" */;
			productName = PanModal;
		};
		625BA1E127ED9BB200E6BD31 /* AlertToast */ = {
			isa = XCSwiftPackageProductDependency;
			package = 625BA1E027ED9BB200E6BD31 /* XCRemoteSwiftPackageReference "AlertToast" */;
			productName = AlertToast;
		};
		625BA1E427ED9EED00E6BD31 /* SwiftJWT */ = {
			isa = XCSwiftPackageProductDependency;
			package = 625BA1E327ED9EED00E6BD31 /* XCRemoteSwiftPackageReference "Swift-JWT" */;
			productName = SwiftJWT;
		};
		625BA1EC27EDAF8800E6BD31 /* BetterSafariView */ = {
			isa = XCSwiftPackageProductDependency;
			package = 625BA1EB27EDAF8800E6BD31 /* XCRemoteSwiftPackageReference "BetterSafariView" */;
			productName = BetterSafariView;
		};
/* End XCSwiftPackageProductDependency section */
	};
	rootObject = 62F8FD8327B279C90039A327 /* Project object */;
}
